
Microsoft Visual Studio Solution File, Format Version 12.00
# Visual Studio Version 16
VisualStudioVersion = 16.0.30114.105
MinimumVisualStudioVersion = 10.0.40219.1
Project("{FAE04EC0-301F-11D3-BF4B-00C04F79EFBC}") = "W1Execise2", "W1Execise2.csproj", "{941123D4-D66D-4D40-86DC-5B93C2DE4A17}"
EndProject
Global
	GlobalSection(SolutionConfigurationPlatforms) = preSolution
		Debug|Any CPU = Debug|Any CPU
		Release|Any CPU = Release|Any CPU
	EndGlobalSection
	GlobalSection(ProjectConfigurationPlatforms) = postSolution
		{941123D4-D66D-4D40-86DC-5B93C2DE4A17}.Debug|Any CPU.ActiveCfg = Debug|Any CPU
		{941123D4-D66D-4D40-86DC-5B93C2DE4A17}.Debug|Any CPU.Build.0 = Debug|Any CPU
		{941123D4-D66D-4D40-86DC-5B93C2DE4A17}.Release|Any CPU.ActiveCfg = Release|Any CPU
		{941123D4-D66D-4D40-86DC-5B93C2DE4A17}.Release|Any CPU.Build.0 = Release|Any CPU
	EndGlobalSection
	GlobalSection(SolutionProperties) = preSolution
		HideSolutionNode = FALSE
	EndGlobalSection
	GlobalSection(ExtensibilityGlobals) = postSolution
		SolutionGuid = {880CDFCE-149C-4DC4-A112-C138CD168B30}
	EndGlobalSection
EndGlobal
