
Microsoft Visual Studio Solution File, Format Version 12.00
# Visual Studio Version 16
VisualStudioVersion = 16.0.30114.105
MinimumVisualStudioVersion = 10.0.40219.1
Project("{FAE04EC0-301F-11D3-BF4B-00C04F79EFBC}") = "W2Exercise3", "W2Exercise3.csproj", "{9CDBC44D-473E-4F04-957C-ED8304436A6E}"
EndProject
Global
	GlobalSection(SolutionConfigurationPlatforms) = preSolution
		Debug|Any CPU = Debug|Any CPU
		Release|Any CPU = Release|Any CPU
	EndGlobalSection
	GlobalSection(ProjectConfigurationPlatforms) = postSolution
		{9CDBC44D-473E-4F04-957C-ED8304436A6E}.Debug|Any CPU.ActiveCfg = Debug|Any CPU
		{9CDBC44D-473E-4F04-957C-ED8304436A6E}.Debug|Any CPU.Build.0 = Debug|Any CPU
		{9CDBC44D-473E-4F04-957C-ED8304436A6E}.Release|Any CPU.ActiveCfg = Release|Any CPU
		{9CDBC44D-473E-4F04-957C-ED8304436A6E}.Release|Any CPU.Build.0 = Release|Any CPU
	EndGlobalSection
	GlobalSection(SolutionProperties) = preSolution
		HideSolutionNode = FALSE
	EndGlobalSection
	GlobalSection(ExtensibilityGlobals) = postSolution
		SolutionGuid = {DC985653-457C-46D1-BA34-4876E24DD79C}
	EndGlobalSection
EndGlobal
