
Microsoft Visual Studio Solution File, Format Version 12.00
# Visual Studio Version 16
VisualStudioVersion = 16.0.30114.105
MinimumVisualStudioVersion = 10.0.40219.1
Project("{FAE04EC0-301F-11D3-BF4B-00C04F79EFBC}") = "W2P2EX1", "W2P2EX1.csproj", "{15AA101A-2058-4F2E-A1DE-124549673566}"
EndProject
Global
	GlobalSection(SolutionConfigurationPlatforms) = preSolution
		Debug|Any CPU = Debug|Any CPU
		Release|Any CPU = Release|Any CPU
	EndGlobalSection
	GlobalSection(ProjectConfigurationPlatforms) = postSolution
		{15AA101A-2058-4F2E-A1DE-124549673566}.Debug|Any CPU.ActiveCfg = Debug|Any CPU
		{15AA101A-2058-4F2E-A1DE-124549673566}.Debug|Any CPU.Build.0 = Debug|Any CPU
		{15AA101A-2058-4F2E-A1DE-124549673566}.Release|Any CPU.ActiveCfg = Release|Any CPU
		{15AA101A-2058-4F2E-A1DE-124549673566}.Release|Any CPU.Build.0 = Release|Any CPU
	EndGlobalSection
	GlobalSection(SolutionProperties) = preSolution
		HideSolutionNode = FALSE
	EndGlobalSection
	GlobalSection(ExtensibilityGlobals) = postSolution
		SolutionGuid = {82170249-C805-45D9-B8E6-B548FB08F53E}
	EndGlobalSection
EndGlobal
